
Microsoft Visual Studio Solution File, Format Version 12.00
# Visual Studio Version 17
VisualStudioVersion = 17.9.34723.18
MinimumVisualStudioVersion = 10.0.40219.1
Project("{FAE04EC0-301F-11D3-BF4B-00C04F79EFBC}") = "HerenciaD1", "HerenciaD1\HerenciaD1.csproj", "{7A9D6E60-4E9E-40AA-A76B-7A4324281E40}"
EndProject
Global
	GlobalSection(SolutionConfigurationPlatforms) = preSolution
		Debug|Any CPU = Debug|Any CPU
		Release|Any CPU = Release|Any CPU
	EndGlobalSection
	GlobalSection(ProjectConfigurationPlatforms) = postSolution
		{7A9D6E60-4E9E-40AA-A76B-7A4324281E40}.Debug|Any CPU.ActiveCfg = Debug|Any CPU
		{7A9D6E60-4E9E-40AA-A76B-7A4324281E40}.Debug|Any CPU.Build.0 = Debug|Any CPU
		{7A9D6E60-4E9E-40AA-A76B-7A4324281E40}.Release|Any CPU.ActiveCfg = Release|Any CPU
		{7A9D6E60-4E9E-40AA-A76B-7A4324281E40}.Release|Any CPU.Build.0 = Release|Any CPU
	EndGlobalSection
	GlobalSection(SolutionProperties) = preSolution
		HideSolutionNode = FALSE
	EndGlobalSection
	GlobalSection(ExtensibilityGlobals) = postSolution
		SolutionGuid = {ACB47CC9-0B78-4AFC-9434-4131F2546D8D}
	EndGlobalSection
EndGlobal
